{
  "name": "ggsbreintrospection",
  "version": "1.0.0",
  "lockfileVersion": 2,
  "requires": true,
  "packages": {
    "": {
      "name": "ggsbreintrospection",
      "version": "1.0.0",
      "license": "ISC",
      "dependencies": {
        "prisma": "3.14.0-dev.11"
      }
    },
    "node_modules/@prisma/engines": {
      "version": "3.14.0-7.4ae1eb270190caa8f6baacc69dbc167bb6fa36f6",
      "resolved": "https://registry.npmjs.org/@prisma/engines/-/engines-3.14.0-7.4ae1eb270190caa8f6baacc69dbc167bb6fa36f6.tgz",
      "integrity": "sha512-6yR2A2hNMmvGh2Al4eBudKpBf3uCS5JxDzbCMleOaA7k48Mtkps6OWAgXPZEFK7VvOiW/S35zhWKd6rHTXs/Eg==",
      "hasInstallScript": true
    },
    "node_modules/prisma": {
      "version": "3.14.0-dev.11",
      "resolved": "https://registry.npmjs.org/prisma/-/prisma-3.14.0-dev.11.tgz",
      "integrity": "sha512-Z1Qo15bgTXs/qlHArSJv7Cl3MO/1NLGMHgrRXrFrE258mqJOZDNp/ndT91AnSaMZ1tXh6lgoQu+7CZNkn8rt7A==",
      "hasInstallScript": true,
      "dependencies": {
        "@prisma/engines": "3.14.0-7.4ae1eb270190caa8f6baacc69dbc167bb6fa36f6",
        "ts-pattern": "^4.0.1"
      },
      "bin": {
        "prisma": "build/index.js",
        "prisma2": "build/index.js"
      },
      "engines": {
        "node": ">=12.6"
      }
    },
    "node_modules/ts-pattern": {
      "version": "4.0.2",
      "resolved": "https://registry.npmjs.org/ts-pattern/-/ts-pattern-4.0.2.tgz",
      "integrity": "sha512-eHqR/7A6fcw05vCOfnL6RwgGJbVi9G/YHTdYdjYmElhDdJ1SMn7pWs+6+YuxygaFwQS/g+cIDlu+UD8IVpur1A=="
    }
  },
  "dependencies": {
    "@prisma/engines": {
      "version": "3.14.0-7.4ae1eb270190caa8f6baacc69dbc167bb6fa36f6",
      "resolved": "https://registry.npmjs.org/@prisma/engines/-/engines-3.14.0-7.4ae1eb270190caa8f6baacc69dbc167bb6fa36f6.tgz",
      "integrity": "sha512-6yR2A2hNMmvGh2Al4eBudKpBf3uCS5JxDzbCMleOaA7k48Mtkps6OWAgXPZEFK7VvOiW/S35zhWKd6rHTXs/Eg=="
    },
    "prisma": {
      "version": "3.14.0-dev.11",
      "resolved": "https://registry.npmjs.org/prisma/-/prisma-3.14.0-dev.11.tgz",
      "integrity": "sha512-Z1Qo15bgTXs/qlHArSJv7Cl3MO/1NLGMHgrRXrFrE258mqJOZDNp/ndT91AnSaMZ1tXh6lgoQu+7CZNkn8rt7A==",
      "requires": {
        "@prisma/engines": "3.14.0-7.4ae1eb270190caa8f6baacc69dbc167bb6fa36f6",
        "ts-pattern": "^4.0.1"
      }
    },
    "ts-pattern": {
      "version": "4.0.2",
      "resolved": "https://registry.npmjs.org/ts-pattern/-/ts-pattern-4.0.2.tgz",
      "integrity": "sha512-eHqR/7A6fcw05vCOfnL6RwgGJbVi9G/YHTdYdjYmElhDdJ1SMn7pWs+6+YuxygaFwQS/g+cIDlu+UD8IVpur1A=="
    }
  }
}
