{
  "name": "ggsbreintrospection",
  "version": "1.0.0",
  "lockfileVersion": 2,
  "requires": true,
  "packages": {
    "": {
      "name": "ggsbreintrospection",
      "version": "1.0.0",
      "license": "ISC",
      "dependencies": {
        "prisma": "^3.14.0-dev.28"
      }
    },
    "node_modules/@prisma/engines": {
      "version": "3.14.0-16.51eedf92d49b198f6699eacd692c99a77a3ca86a",
      "resolved": "https://registry.npmjs.org/@prisma/engines/-/engines-3.14.0-16.51eedf92d49b198f6699eacd692c99a77a3ca86a.tgz",
      "integrity": "sha512-Tq69vShcYpRfuuawrvXOaDGwydOxs2QjzWMb4x3kKfGjymWFiAmiGnQLtG6QtpJi7goF7v7j9CLM8+IQmBRIAw==",
      "hasInstallScript": true
    },
    "node_modules/prisma": {
      "version": "3.14.0-dev.28",
      "resolved": "https://registry.npmjs.org/prisma/-/prisma-3.14.0-dev.28.tgz",
      "integrity": "sha512-qN1ELqsAvC5S/Qd0ae/fUHUQJdqv/4VqKFprsWHFgI3bLkzfYU3XJBu65uWJxrz/omEWVTgdacpEBS21S2d2Ag==",
      "hasInstallScript": true,
      "dependencies": {
        "@prisma/engines": "3.14.0-16.51eedf92d49b198f6699eacd692c99a77a3ca86a"
      },
      "bin": {
        "prisma": "build/index.js",
        "prisma2": "build/index.js"
      },
      "engines": {
        "node": ">=12.6"
      }
    }
  },
  "dependencies": {
    "@prisma/engines": {
      "version": "3.14.0-16.51eedf92d49b198f6699eacd692c99a77a3ca86a",
      "resolved": "https://registry.npmjs.org/@prisma/engines/-/engines-3.14.0-16.51eedf92d49b198f6699eacd692c99a77a3ca86a.tgz",
      "integrity": "sha512-Tq69vShcYpRfuuawrvXOaDGwydOxs2QjzWMb4x3kKfGjymWFiAmiGnQLtG6QtpJi7goF7v7j9CLM8+IQmBRIAw=="
    },
    "prisma": {
      "version": "3.14.0-dev.28",
      "resolved": "https://registry.npmjs.org/prisma/-/prisma-3.14.0-dev.28.tgz",
      "integrity": "sha512-qN1ELqsAvC5S/Qd0ae/fUHUQJdqv/4VqKFprsWHFgI3bLkzfYU3XJBu65uWJxrz/omEWVTgdacpEBS21S2d2Ag==",
      "requires": {
        "@prisma/engines": "3.14.0-16.51eedf92d49b198f6699eacd692c99a77a3ca86a"
      }
    }
  }
}
